// !$*UTF8*$!
{
	archiveVersion = 1;
	classes = {
	};
	objectVersion = 46;
	objects = {

/* Begin PBXBuildFile section */
		CCD162DD1D15288E00866BC3 /* AppDelegate.swift in Sources */ = {isa = PBXBuildFile; fileRef = CCD162DC1D15288E00866BC3 /* AppDelegate.swift */; };
		CCD162E21D15288E00866BC3 /* Main.storyboard in Resources */ = {isa = PBXBuildFile; fileRef = CCD162E01D15288E00866BC3 /* Main.storyboard */; };
		CCD162E41D15288E00866BC3 /* Assets.xcassets in Resources */ = {isa = PBXBuildFile; fileRef = CCD162E31D15288E00866BC3 /* Assets.xcassets */; };
		CCD162E71D15288E00866BC3 /* LaunchScreen.storyboard in Resources */ = {isa = PBXBuildFile; fileRef = CCD162E51D15288E00866BC3 /* LaunchScreen.storyboard */; };
		CCD162F01D1528DC00866BC3 /* MyModel.xcdatamodeld in Sources */ = {isa = PBXBuildFile; fileRef = CCD162EE1D1528DC00866BC3 /* MyModel.xcdatamodeld */; };
		CCD162FF1D152B3300866BC3 /* Item+CoreDataProperties.swift in Sources */ = {isa = PBXBuildFile; fileRef = CCD162FD1D152B3300866BC3 /* Item+CoreDataProperties.swift */; };
		CCD163001D152B3300866BC3 /* Item.swift in Sources */ = {isa = PBXBuildFile; fileRef = CCD162FE1D152B3300866BC3 /* Item.swift */; };
		CCD163021D152BD200866BC3 /* TableViewController.swift in Sources */ = {isa = PBXBuildFile; fileRef = CCD163011D152BD200866BC3 /* TableViewController.swift */; };
		CCD163061D15323500866BC3 /* ZManagedObjectStorage.swift in Sources */ = {isa = PBXBuildFile; fileRef = CCD163051D15323500866BC3 /* ZManagedObjectStorage.swift */; };
/* End PBXBuildFile section */

/* Begin PBXFileReference section */
		CC98C9E91D159A550034DBB0 /* LICENSE */ = {isa = PBXFileReference; fileEncoding = 4; lastKnownFileType = text; path = LICENSE; sourceTree = "<group>"; };
		CC98C9EA1D159A550034DBB0 /* README.md */ = {isa = PBXFileReference; fileEncoding = 4; lastKnownFileType = net.daringfireball.markdown; path = README.md; sourceTree = "<group>"; };
		CCD162D91D15288E00866BC3 /* ZManagedObjectStorage.app */ = {isa = PBXFileReference; explicitFileType = wrapper.application; includeInIndex = 0; path = ZManagedObjectStorage.app; sourceTree = BUILT_PRODUCTS_DIR; };
		CCD162DC1D15288E00866BC3 /* AppDelegate.swift */ = {isa = PBXFileReference; lastKnownFileType = sourcecode.swift; path = AppDelegate.swift; sourceTree = "<group>"; };
		CCD162E11D15288E00866BC3 /* Base */ = {isa = PBXFileReference; lastKnownFileType = file.storyboard; name = Base; path = Base.lproj/Main.storyboard; sourceTree = "<group>"; };
		CCD162E31D15288E00866BC3 /* Assets.xcassets */ = {isa = PBXFileReference; lastKnownFileType = folder.assetcatalog; path = Assets.xcassets; sourceTree = "<group>"; };
		CCD162E61D15288E00866BC3 /* Base */ = {isa = PBXFileReference; lastKnownFileType = file.storyboard; name = Base; path = Base.lproj/LaunchScreen.storyboard; sourceTree = "<group>"; };
		CCD162E81D15288E00866BC3 /* Info.plist */ = {isa = PBXFileReference; lastKnownFileType = text.plist.xml; path = Info.plist; sourceTree = "<group>"; };
		CCD162EF1D1528DC00866BC3 /* MyModel.xcdatamodel */ = {isa = PBXFileReference; lastKnownFileType = wrapper.xcdatamodel; path = MyModel.xcdatamodel; sourceTree = "<group>"; };
		CCD162FD1D152B3300866BC3 /* Item+CoreDataProperties.swift */ = {isa = PBXFileReference; fileEncoding = 4; lastKnownFileType = sourcecode.swift; path = "Item+CoreDataProperties.swift"; sourceTree = "<group>"; };
		CCD162FE1D152B3300866BC3 /* Item.swift */ = {isa = PBXFileReference; fileEncoding = 4; lastKnownFileType = sourcecode.swift; path = Item.swift; sourceTree = "<group>"; };
		CCD163011D152BD200866BC3 /* TableViewController.swift */ = {isa = PBXFileReference; fileEncoding = 4; lastKnownFileType = sourcecode.swift; path = TableViewController.swift; sourceTree = "<group>"; };
		CCD163051D15323500866BC3 /* ZManagedObjectStorage.swift */ = {isa = PBXFileReference; fileEncoding = 4; lastKnownFileType = sourcecode.swift; path = ZManagedObjectStorage.swift; sourceTree = "<group>"; };
/* End PBXFileReference section */

/* Begin PBXFrameworksBuildPhase section */
		CCD162D61D15288E00866BC3 /* Frameworks */ = {
			isa = PBXFrameworksBuildPhase;
			buildActionMask = 2147483647;
			files = (
			);
			runOnlyForDeploymentPostprocessing = 0;
		};
/* End PBXFrameworksBuildPhase section */

/* Begin PBXGroup section */
		CCD162D01D15288E00866BC3 = {
			isa = PBXGroup;
			children = (
				CCD162DB1D15288E00866BC3 /* ZManagedObjectStorage */,
				CCD162DA1D15288E00866BC3 /* Products */,
			);
			sourceTree = "<group>";
		};
		CCD162DA1D15288E00866BC3 /* Products */ = {
			isa = PBXGroup;
			children = (
				CCD162D91D15288E00866BC3 /* ZManagedObjectStorage.app */,
			);
			name = Products;
			sourceTree = "<group>";
		};
		CCD162DB1D15288E00866BC3 /* ZManagedObjectStorage */ = {
			isa = PBXGroup;
			children = (
				CC98C9E91D159A550034DBB0 /* LICENSE */,
				CC98C9EA1D159A550034DBB0 /* README.md */,
				CCD162DC1D15288E00866BC3 /* AppDelegate.swift */,
				CCD162E31D15288E00866BC3 /* Assets.xcassets */,
				CCD162E81D15288E00866BC3 /* Info.plist */,
				CCD162FE1D152B3300866BC3 /* Item.swift */,
				CCD162FD1D152B3300866BC3 /* Item+CoreDataProperties.swift */,
				CCD162E51D15288E00866BC3 /* LaunchScreen.storyboard */,
				CCD162E01D15288E00866BC3 /* Main.storyboard */,
				CCD162EE1D1528DC00866BC3 /* MyModel.xcdatamodeld */,
				CCD163011D152BD200866BC3 /* TableViewController.swift */,
				CCD163051D15323500866BC3 /* ZManagedObjectStorage.swift */,
			);
			path = ZManagedObjectStorage;
			sourceTree = "<group>";
		};
/* End PBXGroup section */

/* Begin PBXNativeTarget section */
		CCD162D81D15288E00866BC3 /* ZManagedObjectStorage */ = {
			isa = PBXNativeTarget;
			buildConfigurationList = CCD162EB1D15288E00866BC3 /* Build configuration list for PBXNativeTarget "ZManagedObjectStorage" */;
			buildPhases = (
				CCD162D51D15288E00866BC3 /* Sources */,
				CCD162D61D15288E00866BC3 /* Frameworks */,
				CCD162D71D15288E00866BC3 /* Resources */,
			);
			buildRules = (
			);
			dependencies = (
			);
			name = ZManagedObjectStorage;
			productName = ZManagedObjectStorage;
			productReference = CCD162D91D15288E00866BC3 /* ZManagedObjectStorage.app */;
			productType = "com.apple.product-type.application";
		};
/* End PBXNativeTarget section */

/* Begin PBXProject section */
		CCD162D11D15288E00866BC3 /* Project object */ = {
			isa = PBXProject;
			attributes = {
				LastSwiftUpdateCheck = 0730;
				LastUpgradeCheck = 0730;
				ORGANIZATIONNAME = "Electricwoods LLC";
				TargetAttributes = {
					CCD162D81D15288E00866BC3 = {
						CreatedOnToolsVersion = 7.3;
					};
				};
			};
			buildConfigurationList = CCD162D41D15288E00866BC3 /* Build configuration list for PBXProject "ZManagedObjectStorage" */;
			compatibilityVersion = "Xcode 3.2";
			developmentRegion = English;
			hasScannedForEncodings = 0;
			knownRegions = (
				en,
				Base,
			);
			mainGroup = CCD162D01D15288E00866BC3;
			productRefGroup = CCD162DA1D15288E00866BC3 /* Products */;
			projectDirPath = "";
			projectRoot = "";
			targets = (
				CCD162D81D15288E00866BC3 /* ZManagedObjectStorage */,
			);
		};
/* End PBXProject section */

/* Begin PBXResourcesBuildPhase section */
		CCD162D71D15288E00866BC3 /* Resources */ = {
			isa = PBXResourcesBuildPhase;
			buildActionMask = 2147483647;
			files = (
				CCD162E71D15288E00866BC3 /* LaunchScreen.storyboard in Resources */,
				CCD162E41D15288E00866BC3 /* Assets.xcassets in Resources */,
				CCD162E21D15288E00866BC3 /* Main.storyboard in Resources */,
			);
			runOnlyForDeploymentPostprocessing = 0;
		};
/* End PBXResourcesBuildPhase section */

/* Begin PBXSourcesBuildPhase section */
		CCD162D51D15288E00866BC3 /* Sources */ = {
			isa = PBXSourcesBuildPhase;
			buildActionMask = 2147483647;
			files = (
				CCD163021D152BD200866BC3 /* TableViewController.swift in Sources */,
				CCD163061D15323500866BC3 /* ZManagedObjectStorage.swift in Sources */,
				CCD163001D152B3300866BC3 /* Item.swift in Sources */,
				CCD162DD1D15288E00866BC3 /* AppDelegate.swift in Sources */,
				CCD162FF1D152B3300866BC3 /* Item+CoreDataProperties.swift in Sources */,
				CCD162F01D1528DC00866BC3 /* MyModel.xcdatamodeld in Sources */,
			);
			runOnlyForDeploymentPostprocessing = 0;
		};
/* End PBXSourcesBuildPhase section */

/* Begin PBXVariantGroup section */
		CCD162E01D15288E00866BC3 /* Main.storyboard */ = {
			isa = PBXVariantGroup;
			children = (
				CCD162E11D15288E00866BC3 /* Base */,
			);
			name = Main.storyboard;
			sourceTree = "<group>";
		};
		CCD162E51D15288E00866BC3 /* LaunchScreen.storyboard */ = {
			isa = PBXVariantGroup;
			children = (
				CCD162E61D15288E00866BC3 /* Base */,
			);
			name = LaunchScreen.storyboard;
			sourceTree = "<group>";
		};
/* End PBXVariantGroup section */

/* Begin XCBuildConfiguration section */
		CCD162E91D15288E00866BC3 /* Debug */ = {
			isa = XCBuildConfiguration;
			buildSettings = {
				ALWAYS_SEARCH_USER_PATHS = NO;
				CLANG_ANALYZER_NONNULL = YES;
				CLANG_CXX_LANGUAGE_STANDARD = "gnu++0x";
				CLANG_CXX_LIBRARY = "libc++";
				CLANG_ENABLE_MODULES = YES;
				CLANG_ENABLE_OBJC_ARC = YES;
				CLANG_WARN_BOOL_CONVERSION = YES;
				CLANG_WARN_CONSTANT_CONVERSION = YES;
				CLANG_WARN_DIRECT_OBJC_ISA_USAGE = YES_ERROR;
				CLANG_WARN_EMPTY_BODY = YES;
				CLANG_WARN_ENUM_CONVERSION = YES;
				CLANG_WARN_INT_CONVERSION = YES;
				CLANG_WARN_OBJC_ROOT_CLASS = YES_ERROR;
				CLANG_WARN_UNREACHABLE_CODE = YES;
				CLANG_WARN__DUPLICATE_METHOD_MATCH = YES;
				"CODE_SIGN_IDENTITY[sdk=iphoneos*]" = "iPhone Developer";
				COPY_PHASE_STRIP = NO;
				DEBUG_INFORMATION_FORMAT = dwarf;
				ENABLE_STRICT_OBJC_MSGSEND = YES;
				ENABLE_TESTABILITY = YES;
				GCC_C_LANGUAGE_STANDARD = gnu99;
				GCC_DYNAMIC_NO_PIC = NO;
				GCC_NO_COMMON_BLOCKS = YES;
				GCC_OPTIMIZATION_LEVEL = 0;
				GCC_PREPROCESSOR_DEFINITIONS = (
					"DEBUG=1",
					"$(inherited)",
				);
				GCC_WARN_64_TO_32_BIT_CONVERSION = YES;
				GCC_WARN_ABOUT_RETURN_TYPE = YES_ERROR;
				GCC_WARN_UNDECLARED_SELECTOR = YES;
				GCC_WARN_UNINITIALIZED_AUTOS = YES_AGGRESSIVE;
				GCC_WARN_UNUSED_FUNCTION = YES;
				GCC_WARN_UNUSED_VARIABLE = YES;
				IPHONEOS_DEPLOYMENT_TARGET = 9.3;
				MTL_ENABLE_DEBUG_INFO = YES;
				ONLY_ACTIVE_ARCH = YES;
				SDKROOT = iphoneos;
				SWIFT_OPTIMIZATION_LEVEL = "-Onone";
				TARGETED_DEVICE_FAMILY = "1,2";
			};
			name = Debug;
		};
		CCD162EA1D15288E00866BC3 /* Release */ = {
			isa = XCBuildConfiguration;
			buildSettings = {
				ALWAYS_SEARCH_USER_PATHS = NO;
				CLANG_ANALYZER_NONNULL = YES;
				CLANG_CXX_LANGUAGE_STANDARD = "gnu++0x";
				CLANG_CXX_LIBRARY = "libc++";
				CLANG_ENABLE_MODULES = YES;
				CLANG_ENABLE_OBJC_ARC = YES;
				CLANG_WARN_BOOL_CONVERSION = YES;
				CLANG_WARN_CONSTANT_CONVERSION = YES;
				CLANG_WARN_DIRECT_OBJC_ISA_USAGE = YES_ERROR;
				CLANG_WARN_EMPTY_BODY = YES;
				CLANG_WARN_ENUM_CONVERSION = YES;
				CLANG_WARN_INT_CONVERSION = YES;
				CLANG_WARN_OBJC_ROOT_CLASS = YES_ERROR;
				CLANG_WARN_UNREACHABLE_CODE = YES;
				CLANG_WARN__DUPLICATE_METHOD_MATCH = YES;
				"CODE_SIGN_IDENTITY[sdk=iphoneos*]" = "iPhone Developer";
				COPY_PHASE_STRIP = NO;
				DEBUG_INFORMATION_FORMAT = "dwarf-with-dsym";
				ENABLE_NS_ASSERTIONS = NO;
				ENABLE_STRICT_OBJC_MSGSEND = YES;
				GCC_C_LANGUAGE_STANDARD = gnu99;
				GCC_NO_COMMON_BLOCKS = YES;
				GCC_WARN_64_TO_32_BIT_CONVERSION = YES;
				GCC_WARN_ABOUT_RETURN_TYPE = YES_ERROR;
				GCC_WARN_UNDECLARED_SELECTOR = YES;
				GCC_WARN_UNINITIALIZED_AUTOS = YES_AGGRESSIVE;
				GCC_WARN_UNUSED_FUNCTION = YES;
				GCC_WARN_UNUSED_VARIABLE = YES;
				IPHONEOS_DEPLOYMENT_TARGET = 9.3;
				MTL_ENABLE_DEBUG_INFO = NO;
				SDKROOT = iphoneos;
				TARGETED_DEVICE_FAMILY = "1,2";
				VALIDATE_PRODUCT = YES;
			};
			name = Release;
		};
		CCD162EC1D15288E00866BC3 /* Debug */ = {
			isa = XCBuildConfiguration;
			buildSettings = {
				ASSETCATALOG_COMPILER_APPICON_NAME = AppIcon;
				INFOPLIST_FILE = ZManagedObjectStorage/Info.plist;
				LD_RUNPATH_SEARCH_PATHS = "$(inherited) @executable_path/Frameworks";
				PRODUCT_BUNDLE_IDENTIFIER = com.electricwoods.ZManagedObjectStorage;
				PRODUCT_NAME = "$(TARGET_NAME)";
			};
			name = Debug;
		};
		CCD162ED1D15288E00866BC3 /* Release */ = {
			isa = XCBuildConfiguration;
			buildSettings = {
				ASSETCATALOG_COMPILER_APPICON_NAME = AppIcon;
				INFOPLIST_FILE = ZManagedObjectStorage/Info.plist;
				LD_RUNPATH_SEARCH_PATHS = "$(inherited) @executable_path/Frameworks";
				PRODUCT_BUNDLE_IDENTIFIER = com.electricwoods.ZManagedObjectStorage;
				PRODUCT_NAME = "$(TARGET_NAME)";
			};
			name = Release;
		};
/* End XCBuildConfiguration section */

/* Begin XCConfigurationList section */
		CCD162D41D15288E00866BC3 /* Build configuration list for PBXProject "ZManagedObjectStorage" */ = {
			isa = XCConfigurationList;
			buildConfigurations = (
				CCD162E91D15288E00866BC3 /* Debug */,
				CCD162EA1D15288E00866BC3 /* Release */,
			);
			defaultConfigurationIsVisible = 0;
			defaultConfigurationName = Release;
		};
		CCD162EB1D15288E00866BC3 /* Build configuration list for PBXNativeTarget "ZManagedObjectStorage" */ = {
			isa = XCConfigurationList;
			buildConfigurations = (
				CCD162EC1D15288E00866BC3 /* Debug */,
				CCD162ED1D15288E00866BC3 /* Release */,
			);
			defaultConfigurationIsVisible = 0;
			defaultConfigurationName = Release;
		};
/* End XCConfigurationList section */

/* Begin XCVersionGroup section */
		CCD162EE1D1528DC00866BC3 /* MyModel.xcdatamodeld */ = {
			isa = XCVersionGroup;
			children = (
				CCD162EF1D1528DC00866BC3 /* MyModel.xcdatamodel */,
			);
			currentVersion = CCD162EF1D1528DC00866BC3 /* MyModel.xcdatamodel */;
			path = MyModel.xcdatamodeld;
			sourceTree = "<group>";
			versionGroupType = wrapper.xcdatamodel;
		};
/* End XCVersionGroup section */
	};
	rootObject = CCD162D11D15288E00866BC3 /* Project object */;
}
