// !$*UTF8*$!
{
	archiveVersion = 1;
	classes = {
	};
	objectVersion = 46;
	objects = {

/* Begin PBXBuildFile section */
		CC1233891DD2C26200B9BADC /* AppDelegate.swift in Sources */ = {isa = PBXBuildFile; fileRef = CC1233881DD2C26200B9BADC /* AppDelegate.swift */; };
		CC12338B1DD2C26200B9BADC /* RandomsViewController.swift in Sources */ = {isa = PBXBuildFile; fileRef = CC12338A1DD2C26200B9BADC /* RandomsViewController.swift */; };
		CC12338E1DD2C26200B9BADC /* Main.storyboard in Resources */ = {isa = PBXBuildFile; fileRef = CC12338C1DD2C26200B9BADC /* Main.storyboard */; };
		CC1233901DD2C26200B9BADC /* Assets.xcassets in Resources */ = {isa = PBXBuildFile; fileRef = CC12338F1DD2C26200B9BADC /* Assets.xcassets */; };
		CC1233931DD2C26200B9BADC /* LaunchScreen.storyboard in Resources */ = {isa = PBXBuildFile; fileRef = CC1233911DD2C26200B9BADC /* LaunchScreen.storyboard */; };
		CC12339A1DD2C2CA00B9BADC /* ZManagedObjectStorage.swift in Sources */ = {isa = PBXBuildFile; fileRef = CC1233991DD2C2CA00B9BADC /* ZManagedObjectStorage.swift */; };
		CC12339D1DD2C30200B9BADC /* Randoms.xcdatamodeld in Sources */ = {isa = PBXBuildFile; fileRef = CC12339B1DD2C30200B9BADC /* Randoms.xcdatamodeld */; };
/* End PBXBuildFile section */

/* Begin PBXFileReference section */
		CC1233851DD2C26200B9BADC /* TestApp.app */ = {isa = PBXFileReference; explicitFileType = wrapper.application; includeInIndex = 0; path = TestApp.app; sourceTree = BUILT_PRODUCTS_DIR; };
		CC1233881DD2C26200B9BADC /* AppDelegate.swift */ = {isa = PBXFileReference; lastKnownFileType = sourcecode.swift; path = AppDelegate.swift; sourceTree = "<group>"; };
		CC12338A1DD2C26200B9BADC /* RandomsViewController.swift */ = {isa = PBXFileReference; lastKnownFileType = sourcecode.swift; path = RandomsViewController.swift; sourceTree = "<group>"; };
		CC12338D1DD2C26200B9BADC /* Base */ = {isa = PBXFileReference; lastKnownFileType = file.storyboard; name = Base; path = Base.lproj/Main.storyboard; sourceTree = "<group>"; };
		CC12338F1DD2C26200B9BADC /* Assets.xcassets */ = {isa = PBXFileReference; lastKnownFileType = folder.assetcatalog; path = Assets.xcassets; sourceTree = "<group>"; };
		CC1233921DD2C26200B9BADC /* Base */ = {isa = PBXFileReference; lastKnownFileType = file.storyboard; name = Base; path = Base.lproj/LaunchScreen.storyboard; sourceTree = "<group>"; };
		CC1233941DD2C26200B9BADC /* Info.plist */ = {isa = PBXFileReference; lastKnownFileType = text.plist.xml; path = Info.plist; sourceTree = "<group>"; };
		CC1233991DD2C2CA00B9BADC /* ZManagedObjectStorage.swift */ = {isa = PBXFileReference; fileEncoding = 4; lastKnownFileType = sourcecode.swift; path = ZManagedObjectStorage.swift; sourceTree = "<group>"; };
		CC12339C1DD2C30200B9BADC /* Randoms.xcdatamodel */ = {isa = PBXFileReference; lastKnownFileType = wrapper.xcdatamodel; path = Randoms.xcdatamodel; sourceTree = "<group>"; };
/* End PBXFileReference section */

/* Begin PBXFrameworksBuildPhase section */
		CC1233821DD2C26200B9BADC /* Frameworks */ = {
			isa = PBXFrameworksBuildPhase;
			buildActionMask = 2147483647;
			files = (
			);
			runOnlyForDeploymentPostprocessing = 0;
		};
/* End PBXFrameworksBuildPhase section */

/* Begin PBXGroup section */
		CC12337A1DD2C24B00B9BADC = {
			isa = PBXGroup;
			children = (
				CC1233981DD2C2CA00B9BADC /* ZKit */,
				CC1233871DD2C26200B9BADC /* TestApp */,
				CC1233861DD2C26200B9BADC /* Products */,
			);
			sourceTree = "<group>";
		};
		CC1233861DD2C26200B9BADC /* Products */ = {
			isa = PBXGroup;
			children = (
				CC1233851DD2C26200B9BADC /* TestApp.app */,
			);
			name = Products;
			sourceTree = "<group>";
		};
		CC1233871DD2C26200B9BADC /* TestApp */ = {
			isa = PBXGroup;
			children = (
				CC1233881DD2C26200B9BADC /* AppDelegate.swift */,
				CC12338F1DD2C26200B9BADC /* Assets.xcassets */,
				CC12339B1DD2C30200B9BADC /* Randoms.xcdatamodeld */,
				CC1233941DD2C26200B9BADC /* Info.plist */,
				CC1233911DD2C26200B9BADC /* LaunchScreen.storyboard */,
				CC12338C1DD2C26200B9BADC /* Main.storyboard */,
				CC12338A1DD2C26200B9BADC /* RandomsViewController.swift */,
			);
			path = TestApp;
			sourceTree = "<group>";
		};
		CC1233981DD2C2CA00B9BADC /* ZKit */ = {
			isa = PBXGroup;
			children = (
				CC1233991DD2C2CA00B9BADC /* ZManagedObjectStorage.swift */,
			);
			name = ZKit;
			path = TestApp/ZKit;
			sourceTree = "<group>";
		};
/* End PBXGroup section */

/* Begin PBXNativeTarget section */
		CC1233841DD2C26200B9BADC /* TestApp */ = {
			isa = PBXNativeTarget;
			buildConfigurationList = CC1233951DD2C26200B9BADC /* Build configuration list for PBXNativeTarget "TestApp" */;
			buildPhases = (
				CC1233811DD2C26200B9BADC /* Sources */,
				CC1233821DD2C26200B9BADC /* Frameworks */,
				CC1233831DD2C26200B9BADC /* Resources */,
			);
			buildRules = (
			);
			dependencies = (
			);
			name = TestApp;
			productName = TestApp;
			productReference = CC1233851DD2C26200B9BADC /* TestApp.app */;
			productType = "com.apple.product-type.application";
		};
/* End PBXNativeTarget section */

/* Begin PBXProject section */
		CC12337B1DD2C24B00B9BADC /* Project object */ = {
			isa = PBXProject;
			attributes = {
				LastSwiftUpdateCheck = 0810;
				LastUpgradeCheck = 0810;
				TargetAttributes = {
					CC1233841DD2C26200B9BADC = {
						CreatedOnToolsVersion = 8.1;
						DevelopmentTeam = 2P97EM4L4N;
						ProvisioningStyle = Automatic;
					};
				};
			};
			buildConfigurationList = CC12337E1DD2C24B00B9BADC /* Build configuration list for PBXProject "ZManagedObjectStorage" */;
			compatibilityVersion = "Xcode 3.2";
			developmentRegion = English;
			hasScannedForEncodings = 0;
			knownRegions = (
				en,
				Base,
			);
			mainGroup = CC12337A1DD2C24B00B9BADC;
			productRefGroup = CC1233861DD2C26200B9BADC /* Products */;
			projectDirPath = "";
			projectRoot = "";
			targets = (
				CC1233841DD2C26200B9BADC /* TestApp */,
			);
		};
/* End PBXProject section */

/* Begin PBXResourcesBuildPhase section */
		CC1233831DD2C26200B9BADC /* Resources */ = {
			isa = PBXResourcesBuildPhase;
			buildActionMask = 2147483647;
			files = (
				CC1233931DD2C26200B9BADC /* LaunchScreen.storyboard in Resources */,
				CC1233901DD2C26200B9BADC /* Assets.xcassets in Resources */,
				CC12338E1DD2C26200B9BADC /* Main.storyboard in Resources */,
			);
			runOnlyForDeploymentPostprocessing = 0;
		};
/* End PBXResourcesBuildPhase section */

/* Begin PBXSourcesBuildPhase section */
		CC1233811DD2C26200B9BADC /* Sources */ = {
			isa = PBXSourcesBuildPhase;
			buildActionMask = 2147483647;
			files = (
				CC12339D1DD2C30200B9BADC /* Randoms.xcdatamodeld in Sources */,
				CC12338B1DD2C26200B9BADC /* RandomsViewController.swift in Sources */,
				CC12339A1DD2C2CA00B9BADC /* ZManagedObjectStorage.swift in Sources */,
				CC1233891DD2C26200B9BADC /* AppDelegate.swift in Sources */,
			);
			runOnlyForDeploymentPostprocessing = 0;
		};
/* End PBXSourcesBuildPhase section */

/* Begin PBXVariantGroup section */
		CC12338C1DD2C26200B9BADC /* Main.storyboard */ = {
			isa = PBXVariantGroup;
			children = (
				CC12338D1DD2C26200B9BADC /* Base */,
			);
			name = Main.storyboard;
			sourceTree = "<group>";
		};
		CC1233911DD2C26200B9BADC /* LaunchScreen.storyboard */ = {
			isa = PBXVariantGroup;
			children = (
				CC1233921DD2C26200B9BADC /* Base */,
			);
			name = LaunchScreen.storyboard;
			sourceTree = "<group>";
		};
/* End PBXVariantGroup section */

/* Begin XCBuildConfiguration section */
		CC12337F1DD2C24B00B9BADC /* Debug */ = {
			isa = XCBuildConfiguration;
			buildSettings = {
			};
			name = Debug;
		};
		CC1233801DD2C24B00B9BADC /* Release */ = {
			isa = XCBuildConfiguration;
			buildSettings = {
			};
			name = Release;
		};
		CC1233961DD2C26200B9BADC /* Debug */ = {
			isa = XCBuildConfiguration;
			buildSettings = {
				ALWAYS_SEARCH_USER_PATHS = NO;
				ASSETCATALOG_COMPILER_APPICON_NAME = AppIcon;
				CLANG_ANALYZER_NONNULL = YES;
				CLANG_CXX_LANGUAGE_STANDARD = "gnu++0x";
				CLANG_CXX_LIBRARY = "libc++";
				CLANG_ENABLE_MODULES = YES;
				CLANG_ENABLE_OBJC_ARC = YES;
				CLANG_WARN_BOOL_CONVERSION = YES;
				CLANG_WARN_CONSTANT_CONVERSION = YES;
				CLANG_WARN_DIRECT_OBJC_ISA_USAGE = YES_ERROR;
				CLANG_WARN_DOCUMENTATION_COMMENTS = YES;
				CLANG_WARN_EMPTY_BODY = YES;
				CLANG_WARN_ENUM_CONVERSION = YES;
				CLANG_WARN_INFINITE_RECURSION = YES;
				CLANG_WARN_INT_CONVERSION = YES;
				CLANG_WARN_OBJC_ROOT_CLASS = YES_ERROR;
				CLANG_WARN_SUSPICIOUS_MOVES = YES;
				CLANG_WARN_UNREACHABLE_CODE = YES;
				CLANG_WARN__DUPLICATE_METHOD_MATCH = YES;
				"CODE_SIGN_IDENTITY[sdk=iphoneos*]" = "iPhone Developer";
				COPY_PHASE_STRIP = NO;
				DEBUG_INFORMATION_FORMAT = dwarf;
				DEVELOPMENT_TEAM = 2P97EM4L4N;
				ENABLE_STRICT_OBJC_MSGSEND = YES;
				ENABLE_TESTABILITY = YES;
				GCC_C_LANGUAGE_STANDARD = gnu99;
				GCC_DYNAMIC_NO_PIC = NO;
				GCC_NO_COMMON_BLOCKS = YES;
				GCC_OPTIMIZATION_LEVEL = 0;
				GCC_PREPROCESSOR_DEFINITIONS = (
					"DEBUG=1",
					"$(inherited)",
				);
				GCC_WARN_64_TO_32_BIT_CONVERSION = YES;
				GCC_WARN_ABOUT_RETURN_TYPE = YES_ERROR;
				GCC_WARN_UNDECLARED_SELECTOR = YES;
				GCC_WARN_UNINITIALIZED_AUTOS = YES_AGGRESSIVE;
				GCC_WARN_UNUSED_FUNCTION = YES;
				GCC_WARN_UNUSED_VARIABLE = YES;
				INFOPLIST_FILE = TestApp/Info.plist;
				IPHONEOS_DEPLOYMENT_TARGET = 10.1;
				LD_RUNPATH_SEARCH_PATHS = "$(inherited) @executable_path/Frameworks";
				MTL_ENABLE_DEBUG_INFO = YES;
				ONLY_ACTIVE_ARCH = YES;
				PRODUCT_BUNDLE_IDENTIFIER = com.electricwoods.TestApp;
				PRODUCT_NAME = "$(TARGET_NAME)";
				SDKROOT = iphoneos;
				SWIFT_ACTIVE_COMPILATION_CONDITIONS = DEBUG;
				SWIFT_OPTIMIZATION_LEVEL = "-Onone";
				SWIFT_VERSION = 3.0;
				TARGETED_DEVICE_FAMILY = "1,2";
			};
			name = Debug;
		};
		CC1233971DD2C26200B9BADC /* Release */ = {
			isa = XCBuildConfiguration;
			buildSettings = {
				ALWAYS_SEARCH_USER_PATHS = NO;
				ASSETCATALOG_COMPILER_APPICON_NAME = AppIcon;
				CLANG_ANALYZER_NONNULL = YES;
				CLANG_CXX_LANGUAGE_STANDARD = "gnu++0x";
				CLANG_CXX_LIBRARY = "libc++";
				CLANG_ENABLE_MODULES = YES;
				CLANG_ENABLE_OBJC_ARC = YES;
				CLANG_WARN_BOOL_CONVERSION = YES;
				CLANG_WARN_CONSTANT_CONVERSION = YES;
				CLANG_WARN_DIRECT_OBJC_ISA_USAGE = YES_ERROR;
				CLANG_WARN_DOCUMENTATION_COMMENTS = YES;
				CLANG_WARN_EMPTY_BODY = YES;
				CLANG_WARN_ENUM_CONVERSION = YES;
				CLANG_WARN_INFINITE_RECURSION = YES;
				CLANG_WARN_INT_CONVERSION = YES;
				CLANG_WARN_OBJC_ROOT_CLASS = YES_ERROR;
				CLANG_WARN_SUSPICIOUS_MOVES = YES;
				CLANG_WARN_UNREACHABLE_CODE = YES;
				CLANG_WARN__DUPLICATE_METHOD_MATCH = YES;
				"CODE_SIGN_IDENTITY[sdk=iphoneos*]" = "iPhone Developer";
				COPY_PHASE_STRIP = NO;
				DEBUG_INFORMATION_FORMAT = "dwarf-with-dsym";
				DEVELOPMENT_TEAM = 2P97EM4L4N;
				ENABLE_NS_ASSERTIONS = NO;
				ENABLE_STRICT_OBJC_MSGSEND = YES;
				GCC_C_LANGUAGE_STANDARD = gnu99;
				GCC_NO_COMMON_BLOCKS = YES;
				GCC_WARN_64_TO_32_BIT_CONVERSION = YES;
				GCC_WARN_ABOUT_RETURN_TYPE = YES_ERROR;
				GCC_WARN_UNDECLARED_SELECTOR = YES;
				GCC_WARN_UNINITIALIZED_AUTOS = YES_AGGRESSIVE;
				GCC_WARN_UNUSED_FUNCTION = YES;
				GCC_WARN_UNUSED_VARIABLE = YES;
				INFOPLIST_FILE = TestApp/Info.plist;
				IPHONEOS_DEPLOYMENT_TARGET = 10.1;
				LD_RUNPATH_SEARCH_PATHS = "$(inherited) @executable_path/Frameworks";
				MTL_ENABLE_DEBUG_INFO = NO;
				PRODUCT_BUNDLE_IDENTIFIER = com.electricwoods.TestApp;
				PRODUCT_NAME = "$(TARGET_NAME)";
				SDKROOT = iphoneos;
				SWIFT_OPTIMIZATION_LEVEL = "-Owholemodule";
				SWIFT_VERSION = 3.0;
				TARGETED_DEVICE_FAMILY = "1,2";
				VALIDATE_PRODUCT = YES;
			};
			name = Release;
		};
/* End XCBuildConfiguration section */

/* Begin XCConfigurationList section */
		CC12337E1DD2C24B00B9BADC /* Build configuration list for PBXProject "ZManagedObjectStorage" */ = {
			isa = XCConfigurationList;
			buildConfigurations = (
				CC12337F1DD2C24B00B9BADC /* Debug */,
				CC1233801DD2C24B00B9BADC /* Release */,
			);
			defaultConfigurationIsVisible = 0;
			defaultConfigurationName = Release;
		};
		CC1233951DD2C26200B9BADC /* Build configuration list for PBXNativeTarget "TestApp" */ = {
			isa = XCConfigurationList;
			buildConfigurations = (
				CC1233961DD2C26200B9BADC /* Debug */,
				CC1233971DD2C26200B9BADC /* Release */,
			);
			defaultConfigurationIsVisible = 0;
			defaultConfigurationName = Release;
		};
/* End XCConfigurationList section */

/* Begin XCVersionGroup section */
		CC12339B1DD2C30200B9BADC /* Randoms.xcdatamodeld */ = {
			isa = XCVersionGroup;
			children = (
				CC12339C1DD2C30200B9BADC /* Randoms.xcdatamodel */,
			);
			currentVersion = CC12339C1DD2C30200B9BADC /* Randoms.xcdatamodel */;
			path = Randoms.xcdatamodeld;
			sourceTree = "<group>";
			versionGroupType = wrapper.xcdatamodel;
		};
/* End XCVersionGroup section */
	};
	rootObject = CC12337B1DD2C24B00B9BADC /* Project object */;
}
